
Microsoft Visual Studio Solution File, Format Version 12.00
# Visual Studio Version 16
VisualStudioVersion = 16.0.29926.136
MinimumVisualStudioVersion = 10.0.40219.1
Project("{FAE04EC0-301F-11D3-BF4B-00C04F79EFBC}") = "TP DDS (consola)", "TP DDS (consola)\TP DDS (consola).csproj", "{DA13049B-D049-4226-8C47-99E67475E05F}"
EndProject
Global
	GlobalSection(SolutionConfigurationPlatforms) = preSolution
		Debug|Any CPU = Debug|Any CPU
		Release|Any CPU = Release|Any CPU
	EndGlobalSection
	GlobalSection(ProjectConfigurationPlatforms) = postSolution
		{DA13049B-D049-4226-8C47-99E67475E05F}.Debug|Any CPU.ActiveCfg = Debug|Any CPU
		{DA13049B-D049-4226-8C47-99E67475E05F}.Debug|Any CPU.Build.0 = Debug|Any CPU
		{DA13049B-D049-4226-8C47-99E67475E05F}.Release|Any CPU.ActiveCfg = Release|Any CPU
		{DA13049B-D049-4226-8C47-99E67475E05F}.Release|Any CPU.Build.0 = Release|Any CPU
	EndGlobalSection
	GlobalSection(SolutionProperties) = preSolution
		HideSolutionNode = FALSE
	EndGlobalSection
	GlobalSection(ExtensibilityGlobals) = postSolution
		SolutionGuid = {B9967180-B96C-44C6-B474-D4AD1E628E6E}
	EndGlobalSection
EndGlobal
